<?xml version="1.0" encoding="utf-8"?>
<Project ToolsVersion="4.0" xmlns="http://schemas.microsoft.com/developer/msbuild/2003">
  <ItemGroup>
    <Filter Include="Source Files">
      <UniqueIdentifier>{4FC737F1-C7A5-4376-A066-2A32D752A2FF}</UniqueIdentifier>
      <Extensions>cpp;c;cc;cxx;def;odl;idl;hpj;bat;asm;asmx</Extensions>
    </Filter>
    <Filter Include="Header Files">
      <UniqueIdentifier>{93995380-89BD-4b04-88EB-625FBE52EBFB}</UniqueIdentifier>
      <Extensions>h;hpp;hxx;hm;inl;inc;xsd</Extensions>
    </Filter>
    <Filter Include="Resource Files">
      <UniqueIdentifier>{67DA6AB6-F800-4c08-8B7A-83BB121AAD01}</UniqueIdentifier>
      <Extensions>rc;ico;cur;bmp;dlg;rc2;rct;bin;rgs;gif;jpg;jpeg;jpe;resx;tiff;tif;png;wav;mfcribbon-ms</Extensions>
    </Filter>
  </ItemGroup>
  <ItemGroup>
    <ClInclude Include="..\..\objLoader.h">
      <Filter>Source Files</Filter>
    </ClInclude>
    <ClInclude Include="..\..\Ray.h">
      <Filter>Source Files</Filter>
    </ClInclude>
    <ClInclude Include="..\..\simplePPM.h">
      <Filter>Source Files</Filter>
    </ClInclude>
    <ClInclude Include="..\..\Sphere.h">
      <Filter>Source Files</Filter>
    </ClInclude>
    <ClInclude Include="..\..\string_extra.h">
      <Filter>Source Files</Filter>
    </ClInclude>
    <ClInclude Include="..\..\Buffer.h">
      <Filter>Source Files</Filter>
    </ClInclude>
    <ClInclude Include="..\..\Camera.h">
      <Filter>Source Files</Filter>
    </ClInclude>
    <ClInclude Include="..\..\GenVector.h">
      <Filter>Source Files</Filter>
    </ClInclude>
    <ClInclude Include="..\..\list.h">
      <Filter>Source Files</Filter>
    </ClInclude>
    <ClInclude Include="..\..\obj_parser.h">
      <Filter>Source Files</Filter>
    </ClInclude>
    <ClInclude Include="..\..\Triangle.h">
      <Filter>Source Files</Filter>
    </ClInclude>
    <ClInclude Include="..\..\Surface.h">
      <Filter>Source Files</Filter>
    </ClInclude>
    <ClInclude Include="..\..\HitVector.h">
      <Filter>Source Files</Filter>
    </ClInclude>
    <ClInclude Include="..\..\PointLight.h">
      <Filter>Source Files</Filter>
    </ClInclude>
    <ClInclude Include="..\..\Shader.h">
      <Filter>Source Files</Filter>
    </ClInclude>
    <ClInclude Include="..\..\rdrand.h">
      <Filter>Source Files</Filter>
    </ClInclude>
    <ClInclude Include="..\..\SurfaceList.h">
      <Filter>Source Files</Filter>
    </ClInclude>
    <ClInclude Include="..\..\AABBox.h">
      <Filter>Source Files</Filter>
    </ClInclude>
    <ClInclude Include="..\..\SurfaceListAABB.h">
      <Filter>Source Files</Filter>
    </ClInclude>
    <ClInclude Include="..\..\AffineTransform.h">
      <Filter>Source Files</Filter>
    </ClInclude>
  </ItemGroup>
  <ItemGroup>
    <ClCompile Include="..\..\objLoader.cpp">
      <Filter>Source Files</Filter>
    </ClCompile>
    <ClCompile Include="..\..\raytracer.cpp">
      <Filter>Source Files</Filter>
    </ClCompile>
    <ClCompile Include="..\..\simplePPM.cpp">
      <Filter>Source Files</Filter>
    </ClCompile>
    <ClCompile Include="..\..\string_extra.cpp">
      <Filter>Source Files</Filter>
    </ClCompile>
    <ClCompile Include="..\..\list.cpp">
      <Filter>Source Files</Filter>
    </ClCompile>
    <ClCompile Include="..\..\obj_parser.cpp">
      <Filter>Source Files</Filter>
    </ClCompile>
  </ItemGroup>
</Project>